
Microsoft Visual Studio Solution File, Format Version 12.00
# Visual Studio 14
VisualStudioVersion = 14.0.23107.0
MinimumVisualStudioVersion = 10.0.40219.1
Project("{FAE04EC0-301F-11D3-BF4B-00C04F79EFBC}") = "TexasHoldem.Logic", "TexasHoldem.Logic\TexasHoldem.Logic.csproj", "{BCF99E8B-2025-444F-83C7-24542FCF33DF}"
EndProject
Project("{2150E333-8FDC-42A3-9474-1A3956D46DE8}") = "AI", "AI", "{213AAF11-5E1C-4C23-ABAE-3324EBA1C3A6}"
EndProject
Project("{2150E333-8FDC-42A3-9474-1A3956D46DE8}") = "Tests", "Tests", "{42762B9F-D044-43B8-B834-79C455907AD2}"
EndProject
Project("{FAE04EC0-301F-11D3-BF4B-00C04F79EFBC}") = "TexasHoldem.Logic.Tests", "Tests\TexasHoldem.Logic.Tests\TexasHoldem.Logic.Tests.csproj", "{9FFA4BF2-F50F-43EE-8DBE-B88DED9E0E9F}"
EndProject
Project("{FAE04EC0-301F-11D3-BF4B-00C04F79EFBC}") = "TexasHoldem.AI.TestPlayers.DummyPlayer", "AI\TexasHoldem.AI.DummyPlayer\TexasHoldem.AI.TestPlayers.DummyPlayer.csproj", "{8F8A872B-A022-4085-AABC-D3BC12B7C1D8}"
EndProject
Project("{FAE04EC0-301F-11D3-BF4B-00C04F79EFBC}") = "TexasHoldem.Tests.GameSimulations", "Tests\TexasHoldem.Tests.GameSimulations\TexasHoldem.Tests.GameSimulations.csproj", "{E4A11A76-0F2F-4A0F-80E8-6B5026BFB78A}"
EndProject
Project("{FAE04EC0-301F-11D3-BF4B-00C04F79EFBC}") = "TexasHoldem.AI.ErisHU", "AI\ErisHU.BaseStrategyPlayer\TexasHoldem.AI.ErisHU.csproj", "{45368E92-F76A-412D-81CE-63B47978416C}"
EndProject
Project("{FAE04EC0-301F-11D3-BF4B-00C04F79EFBC}") = "TexasHoldem.HandEvaluate.Tests", "Tests\TexasHoldem.HandEvaluate.Tests\TexasHoldem.HandEvaluate.Tests.csproj", "{3036A4AB-DB71-468B-8FCA-7277AD5ABC8A}"
EndProject
Project("{FAE04EC0-301F-11D3-BF4B-00C04F79EFBC}") = "TexasHoldem.AI.TestPlayers.SmartPlayer", "AI\TexasHoldem.AI.SmartPlayer\TexasHoldem.AI.TestPlayers.SmartPlayer.csproj", "{E7BA8017-D56E-485C-81D1-A1CCDAAE624F}"
EndProject
Project("{FAE04EC0-301F-11D3-BF4B-00C04F79EFBC}") = "TexasHoldem.HandEvaluate", "TexasHoldem.HandEvaluate\TexasHoldem.HandEvaluate.csproj", "{92C59A8B-CB29-4E52-A42D-99905CABDCAD}"
EndProject
Project("{2150E333-8FDC-42A3-9474-1A3956D46DE8}") = "TestPlayers", "TestPlayers", "{C6C12F60-E6B5-42FB-89CE-074DBBDB6750}"
EndProject
Project("{FAE04EC0-301F-11D3-BF4B-00C04F79EFBC}") = "TexasHoldem.AI.ErisHUBaseStrategy", "AI\TexasHoldem.AI.ErisHUBaseStrategy\TexasHoldem.AI.ErisHUBaseStrategy.csproj", "{1051CAF5-6901-4E8F-B0D4-A0F5CCE2D312}"
EndProject
Global
	GlobalSection(SolutionConfigurationPlatforms) = preSolution
		Debug|Any CPU = Debug|Any CPU
		Release|Any CPU = Release|Any CPU
	EndGlobalSection
	GlobalSection(ProjectConfigurationPlatforms) = postSolution
		{BCF99E8B-2025-444F-83C7-24542FCF33DF}.Debug|Any CPU.ActiveCfg = Debug|Any CPU
		{BCF99E8B-2025-444F-83C7-24542FCF33DF}.Debug|Any CPU.Build.0 = Debug|Any CPU
		{BCF99E8B-2025-444F-83C7-24542FCF33DF}.Release|Any CPU.ActiveCfg = Release|Any CPU
		{BCF99E8B-2025-444F-83C7-24542FCF33DF}.Release|Any CPU.Build.0 = Release|Any CPU
		{9FFA4BF2-F50F-43EE-8DBE-B88DED9E0E9F}.Debug|Any CPU.ActiveCfg = Debug|Any CPU
		{9FFA4BF2-F50F-43EE-8DBE-B88DED9E0E9F}.Debug|Any CPU.Build.0 = Debug|Any CPU
		{9FFA4BF2-F50F-43EE-8DBE-B88DED9E0E9F}.Release|Any CPU.ActiveCfg = Release|Any CPU
		{9FFA4BF2-F50F-43EE-8DBE-B88DED9E0E9F}.Release|Any CPU.Build.0 = Release|Any CPU
		{8F8A872B-A022-4085-AABC-D3BC12B7C1D8}.Debug|Any CPU.ActiveCfg = Debug|Any CPU
		{8F8A872B-A022-4085-AABC-D3BC12B7C1D8}.Debug|Any CPU.Build.0 = Debug|Any CPU
		{8F8A872B-A022-4085-AABC-D3BC12B7C1D8}.Release|Any CPU.ActiveCfg = Release|Any CPU
		{8F8A872B-A022-4085-AABC-D3BC12B7C1D8}.Release|Any CPU.Build.0 = Release|Any CPU
		{E4A11A76-0F2F-4A0F-80E8-6B5026BFB78A}.Debug|Any CPU.ActiveCfg = Debug|Any CPU
		{E4A11A76-0F2F-4A0F-80E8-6B5026BFB78A}.Debug|Any CPU.Build.0 = Debug|Any CPU
		{E4A11A76-0F2F-4A0F-80E8-6B5026BFB78A}.Release|Any CPU.ActiveCfg = Release|Any CPU
		{E4A11A76-0F2F-4A0F-80E8-6B5026BFB78A}.Release|Any CPU.Build.0 = Release|Any CPU
		{45368E92-F76A-412D-81CE-63B47978416C}.Debug|Any CPU.ActiveCfg = Debug|Any CPU
		{45368E92-F76A-412D-81CE-63B47978416C}.Debug|Any CPU.Build.0 = Debug|Any CPU
		{45368E92-F76A-412D-81CE-63B47978416C}.Release|Any CPU.ActiveCfg = Release|Any CPU
		{45368E92-F76A-412D-81CE-63B47978416C}.Release|Any CPU.Build.0 = Release|Any CPU
		{3036A4AB-DB71-468B-8FCA-7277AD5ABC8A}.Debug|Any CPU.ActiveCfg = Debug|Any CPU
		{3036A4AB-DB71-468B-8FCA-7277AD5ABC8A}.Debug|Any CPU.Build.0 = Debug|Any CPU
		{3036A4AB-DB71-468B-8FCA-7277AD5ABC8A}.Release|Any CPU.ActiveCfg = Release|Any CPU
		{3036A4AB-DB71-468B-8FCA-7277AD5ABC8A}.Release|Any CPU.Build.0 = Release|Any CPU
		{E7BA8017-D56E-485C-81D1-A1CCDAAE624F}.Debug|Any CPU.ActiveCfg = Debug|Any CPU
		{E7BA8017-D56E-485C-81D1-A1CCDAAE624F}.Debug|Any CPU.Build.0 = Debug|Any CPU
		{E7BA8017-D56E-485C-81D1-A1CCDAAE624F}.Release|Any CPU.ActiveCfg = Release|Any CPU
		{E7BA8017-D56E-485C-81D1-A1CCDAAE624F}.Release|Any CPU.Build.0 = Release|Any CPU
		{92C59A8B-CB29-4E52-A42D-99905CABDCAD}.Debug|Any CPU.ActiveCfg = Debug|Any CPU
		{92C59A8B-CB29-4E52-A42D-99905CABDCAD}.Debug|Any CPU.Build.0 = Debug|Any CPU
		{92C59A8B-CB29-4E52-A42D-99905CABDCAD}.Release|Any CPU.ActiveCfg = Release|Any CPU
		{92C59A8B-CB29-4E52-A42D-99905CABDCAD}.Release|Any CPU.Build.0 = Release|Any CPU
		{1051CAF5-6901-4E8F-B0D4-A0F5CCE2D312}.Debug|Any CPU.ActiveCfg = Debug|Any CPU
		{1051CAF5-6901-4E8F-B0D4-A0F5CCE2D312}.Debug|Any CPU.Build.0 = Debug|Any CPU
		{1051CAF5-6901-4E8F-B0D4-A0F5CCE2D312}.Release|Any CPU.ActiveCfg = Release|Any CPU
		{1051CAF5-6901-4E8F-B0D4-A0F5CCE2D312}.Release|Any CPU.Build.0 = Release|Any CPU
	EndGlobalSection
	GlobalSection(SolutionProperties) = preSolution
		HideSolutionNode = FALSE
	EndGlobalSection
	GlobalSection(NestedProjects) = preSolution
		{9FFA4BF2-F50F-43EE-8DBE-B88DED9E0E9F} = {42762B9F-D044-43B8-B834-79C455907AD2}
		{8F8A872B-A022-4085-AABC-D3BC12B7C1D8} = {C6C12F60-E6B5-42FB-89CE-074DBBDB6750}
		{E4A11A76-0F2F-4A0F-80E8-6B5026BFB78A} = {42762B9F-D044-43B8-B834-79C455907AD2}
		{45368E92-F76A-412D-81CE-63B47978416C} = {213AAF11-5E1C-4C23-ABAE-3324EBA1C3A6}
		{3036A4AB-DB71-468B-8FCA-7277AD5ABC8A} = {42762B9F-D044-43B8-B834-79C455907AD2}
		{E7BA8017-D56E-485C-81D1-A1CCDAAE624F} = {C6C12F60-E6B5-42FB-89CE-074DBBDB6750}
		{C6C12F60-E6B5-42FB-89CE-074DBBDB6750} = {213AAF11-5E1C-4C23-ABAE-3324EBA1C3A6}
		{1051CAF5-6901-4E8F-B0D4-A0F5CCE2D312} = {213AAF11-5E1C-4C23-ABAE-3324EBA1C3A6}
	EndGlobalSection
EndGlobal
